Microsoft Visual Studio Solution File, Format Version 12.00
# Visual Studio Version 17
VisualStudioVersion = 17.13.35825.156
MinimumVisualStudioVersion = 10.0.40219.1
Project("{FAE04EC0-301F-11D3-BF4B-00C04F79EFBC}") = "AspirePowerShell.AppHost", "AspirePowerShell.AppHost\AspirePowerShell.AppHost.csproj", "{89E03BCB-9FC6-47D0-8148-C105499E6D49}"
EndProject
Project("{FAE04EC0-301F-11D3-BF4B-00C04F79EFBC}") = "AspirePowerShell.ServiceDefaults", "AspirePowerShell.ServiceDefaults\AspirePowerShell.ServiceDefaults.csproj", "{47757321-6F07-0296-B8AB-1D554E508D8C}"
EndProject
Project("{FAE04EC0-301F-11D3-BF4B-00C04F79EFBC}") = "Nivot.Aspire.Hosting.PowerShell", "Nivot.Aspire.Hosting.PowerShell\Nivot.Aspire.Hosting.PowerShell.csproj", "{0DA8168C-B59C-435B-A33D-82429C0C4697}"
EndProject
Project("{2150E333-8FDC-42A3-9474-1A3956D46DE8}") = "Samples", "Samples", "{02EA681E-C7D8-13C7-8484-4AC65E1B71E8}"
EndProject
Global
	GlobalSection(SolutionConfigurationPlatforms) = preSolution
		Debug|Any CPU = Debug|Any CPU
		Release|Any CPU = Release|Any CPU
	EndGlobalSection
	GlobalSection(ProjectConfigurationPlatforms) = postSolution
		{89E03BCB-9FC6-47D0-8148-C105499E6D49}.Debug|Any CPU.ActiveCfg = Debug|Any CPU
		{89E03BCB-9FC6-47D0-8148-C105499E6D49}.Debug|Any CPU.Build.0 = Debug|Any CPU
		{89E03BCB-9FC6-47D0-8148-C105499E6D49}.Release|Any CPU.ActiveCfg = Release|Any CPU
		{89E03BCB-9FC6-47D0-8148-C105499E6D49}.Release|Any CPU.Build.0 = Release|Any CPU
		{47757321-6F07-0296-B8AB-1D554E508D8C}.Debug|Any CPU.ActiveCfg = Debug|Any CPU
		{47757321-6F07-0296-B8AB-1D554E508D8C}.Debug|Any CPU.Build.0 = Debug|Any CPU
		{47757321-6F07-0296-B8AB-1D554E508D8C}.Release|Any CPU.ActiveCfg = Release|Any CPU
		{47757321-6F07-0296-B8AB-1D554E508D8C}.Release|Any CPU.Build.0 = Release|Any CPU
		{0DA8168C-B59C-435B-A33D-82429C0C4697}.Debug|Any CPU.ActiveCfg = Debug|Any CPU
		{0DA8168C-B59C-435B-A33D-82429C0C4697}.Debug|Any CPU.Build.0 = Debug|Any CPU
		{0DA8168C-B59C-435B-A33D-82429C0C4697}.Release|Any CPU.ActiveCfg = Release|Any CPU
		{0DA8168C-B59C-435B-A33D-82429C0C4697}.Release|Any CPU.Build.0 = Release|Any CPU
	EndGlobalSection
	GlobalSection(SolutionProperties) = preSolution
		HideSolutionNode = FALSE
	EndGlobalSection
	GlobalSection(NestedProjects) = preSolution
		{89E03BCB-9FC6-47D0-8148-C105499E6D49} = {02EA681E-C7D8-13C7-8484-4AC65E1B71E8}
		{47757321-6F07-0296-B8AB-1D554E508D8C} = {02EA681E-C7D8-13C7-8484-4AC65E1B71E8}
	EndGlobalSection
	GlobalSection(ExtensibilityGlobals) = postSolution
		SolutionGuid = {379A00A0-3CE5-4079-A766-E113F48114FB}
	EndGlobalSection
EndGlobal
